
Microsoft Visual Studio Solution File, Format Version 12.00
# Visual Studio Version 16
VisualStudioVersion = 16.0.32602.291
MinimumVisualStudioVersion = 10.0.40219.1
Project("{9A19103F-16F7-4668-BE54-9A1E7A4F7556}") = "Sysmanager.Application", "Sysmanager.Application\Sysmanager.Application.csproj", "{51AD386D-2B0D-4F60-BDBB-CAFE14E2E3DF}"
EndProject
Project("{2150E333-8FDC-42A3-9474-1A3956D46DE8}") = "Items", "Items", "{8D57CAA1-BE94-4191-A21E-7C30D1E6578B}"
	ProjectSection(SolutionItems) = preProject
		CreatedDataBase.sql = CreatedDataBase.sql
	EndProjectSection
EndProject
Project("{9A19103F-16F7-4668-BE54-9A1E7A4F7556}") = "Sysmanager.API.Admin", "Sysmanager.API.Admin\Sysmanager.API.Admin.csproj", "{17E42BF0-E5D1-447A-BEE7-E4411A31386C}"
EndProject
Global
	GlobalSection(SolutionConfigurationPlatforms) = preSolution
		Debug|Any CPU = Debug|Any CPU
		Release|Any CPU = Release|Any CPU
	EndGlobalSection
	GlobalSection(ProjectConfigurationPlatforms) = postSolution
		{51AD386D-2B0D-4F60-BDBB-CAFE14E2E3DF}.Debug|Any CPU.ActiveCfg = Debug|Any CPU
		{51AD386D-2B0D-4F60-BDBB-CAFE14E2E3DF}.Debug|Any CPU.Build.0 = Debug|Any CPU
		{51AD386D-2B0D-4F60-BDBB-CAFE14E2E3DF}.Release|Any CPU.ActiveCfg = Release|Any CPU
		{51AD386D-2B0D-4F60-BDBB-CAFE14E2E3DF}.Release|Any CPU.Build.0 = Release|Any CPU
		{17E42BF0-E5D1-447A-BEE7-E4411A31386C}.Debug|Any CPU.ActiveCfg = Debug|Any CPU
		{17E42BF0-E5D1-447A-BEE7-E4411A31386C}.Debug|Any CPU.Build.0 = Debug|Any CPU
		{17E42BF0-E5D1-447A-BEE7-E4411A31386C}.Release|Any CPU.ActiveCfg = Release|Any CPU
		{17E42BF0-E5D1-447A-BEE7-E4411A31386C}.Release|Any CPU.Build.0 = Release|Any CPU
	EndGlobalSection
	GlobalSection(SolutionProperties) = preSolution
		HideSolutionNode = FALSE
	EndGlobalSection
	GlobalSection(ExtensibilityGlobals) = postSolution
		SolutionGuid = {9AD7B587-96E4-49A7-BF9E-6597FA829931}
	EndGlobalSection
EndGlobal
